// !$*UTF8*$!
{
	archiveVersion = 1;
	classes = {
	};
	objectVersion = 50;
	objects = {

/* Begin PBXBuildFile section */
		A113A2DA23460DC700D70B39 /* AppDelegate.swift in Sources */ = {isa = PBXBuildFile; fileRef = A113A2D923460DC700D70B39 /* AppDelegate.swift */; };
		A113A2DC23460DC700D70B39 /* SceneDelegate.swift in Sources */ = {isa = PBXBuildFile; fileRef = A113A2DB23460DC700D70B39 /* SceneDelegate.swift */; };
		A113A2DE23460DC700D70B39 /* ViewController.swift in Sources */ = {isa = PBXBuildFile; fileRef = A113A2DD23460DC700D70B39 /* ViewController.swift */; };
		A113A2E123460DC700D70B39 /* Main.storyboard in Resources */ = {isa = PBXBuildFile; fileRef = A113A2DF23460DC700D70B39 /* Main.storyboard */; };
		A113A2E323460DC800D70B39 /* Assets.xcassets in Resources */ = {isa = PBXBuildFile; fileRef = A113A2E223460DC800D70B39 /* Assets.xcassets */; };
		A113A2E623460DC800D70B39 /* LaunchScreen.storyboard in Resources */ = {isa = PBXBuildFile; fileRef = A113A2E423460DC800D70B39 /* LaunchScreen.storyboard */; };
		A113A2F123460DC800D70B39 /* stopWatch_emilyTests.swift in Sources */ = {isa = PBXBuildFile; fileRef = A113A2F023460DC800D70B39 /* stopWatch_emilyTests.swift */; };
		A113A2FC23460DC800D70B39 /* stopWatch_emilyUITests.swift in Sources */ = {isa = PBXBuildFile; fileRef = A113A2FB23460DC800D70B39 /* stopWatch_emilyUITests.swift */; };
/* End PBXBuildFile section */

/* Begin PBXContainerItemProxy section */
		A113A2ED23460DC800D70B39 /* PBXContainerItemProxy */ = {
			isa = PBXContainerItemProxy;
			containerPortal = A113A2CE23460DC700D70B39 /* Project object */;
			proxyType = 1;
			remoteGlobalIDString = A113A2D523460DC700D70B39;
			remoteInfo = stopWatch.emily;
		};
		A113A2F823460DC800D70B39 /* PBXContainerItemProxy */ = {
			isa = PBXContainerItemProxy;
			containerPortal = A113A2CE23460DC700D70B39 /* Project object */;
			proxyType = 1;
			remoteGlobalIDString = A113A2D523460DC700D70B39;
			remoteInfo = stopWatch.emily;
		};
/* End PBXContainerItemProxy section */

/* Begin PBXFileReference section */
		A113A2D623460DC700D70B39 /* stopWatch.emily.app */ = {isa = PBXFileReference; explicitFileType = wrapper.application; includeInIndex = 0; path = stopWatch.emily.app; sourceTree = BUILT_PRODUCTS_DIR; };
		A113A2D923460DC700D70B39 /* AppDelegate.swift */ = {isa = PBXFileReference; lastKnownFileType = sourcecode.swift; path = AppDelegate.swift; sourceTree = "<group>"; };
		A113A2DB23460DC700D70B39 /* SceneDelegate.swift */ = {isa = PBXFileReference; lastKnownFileType = sourcecode.swift; path = SceneDelegate.swift; sourceTree = "<group>"; };
		A113A2DD23460DC700D70B39 /* ViewController.swift */ = {isa = PBXFileReference; lastKnownFileType = sourcecode.swift; path = ViewController.swift; sourceTree = "<group>"; };
		A113A2E023460DC700D70B39 /* Base */ = {isa = PBXFileReference; lastKnownFileType = file.storyboard; name = Base; path = Base.lproj/Main.storyboard; sourceTree = "<group>"; };
		A113A2E223460DC800D70B39 /* Assets.xcassets */ = {isa = PBXFileReference; lastKnownFileType = folder.assetcatalog; path = Assets.xcassets; sourceTree = "<group>"; };
		A113A2E523460DC800D70B39 /* Base */ = {isa = PBXFileReference; lastKnownFileType = file.storyboard; name = Base; path = Base.lproj/LaunchScreen.storyboard; sourceTree = "<group>"; };
		A113A2E723460DC800D70B39 /* Info.plist */ = {isa = PBXFileReference; lastKnownFileType = text.plist.xml; path = Info.plist; sourceTree = "<group>"; };
		A113A2EC23460DC800D70B39 /* stopWatch.emilyTests.xctest */ = {isa = PBXFileReference; explicitFileType = wrapper.cfbundle; includeInIndex = 0; path = stopWatch.emilyTests.xctest; sourceTree = BUILT_PRODUCTS_DIR; };
		A113A2F023460DC800D70B39 /* stopWatch_emilyTests.swift */ = {isa = PBXFileReference; lastKnownFileType = sourcecode.swift; path = stopWatch_emilyTests.swift; sourceTree = "<group>"; };
		A113A2F223460DC800D70B39 /* Info.plist */ = {isa = PBXFileReference; lastKnownFileType = text.plist.xml; path = Info.plist; sourceTree = "<group>"; };
		A113A2F723460DC800D70B39 /* stopWatch.emilyUITests.xctest */ = {isa = PBXFileReference; explicitFileType = wrapper.cfbundle; includeInIndex = 0; path = stopWatch.emilyUITests.xctest; sourceTree = BUILT_PRODUCTS_DIR; };
		A113A2FB23460DC800D70B39 /* stopWatch_emilyUITests.swift */ = {isa = PBXFileReference; lastKnownFileType = sourcecode.swift; path = stopWatch_emilyUITests.swift; sourceTree = "<group>"; };
		A113A2FD23460DC800D70B39 /* Info.plist */ = {isa = PBXFileReference; lastKnownFileType = text.plist.xml; path = Info.plist; sourceTree = "<group>"; };
/* End PBXFileReference section */

/* Begin PBXFrameworksBuildPhase section */
		A113A2D323460DC700D70B39 /* Frameworks */ = {
			isa = PBXFrameworksBuildPhase;
			buildActionMask = 2147483647;
			files = (
			);
			runOnlyForDeploymentPostprocessing = 0;
		};
		A113A2E923460DC800D70B39 /* Frameworks */ = {
			isa = PBXFrameworksBuildPhase;
			buildActionMask = 2147483647;
			files = (
			);
			runOnlyForDeploymentPostprocessing = 0;
		};
		A113A2F423460DC800D70B39 /* Frameworks */ = {
			isa = PBXFrameworksBuildPhase;
			buildActionMask = 2147483647;
			files = (
			);
			runOnlyForDeploymentPostprocessing = 0;
		};
/* End PBXFrameworksBuildPhase section */

/* Begin PBXGroup section */
		A113A2CD23460DC700D70B39 = {
			isa = PBXGroup;
			children = (
				A113A2D823460DC700D70B39 /* stopWatch.emily */,
				A113A2EF23460DC800D70B39 /* stopWatch.emilyTests */,
				A113A2FA23460DC800D70B39 /* stopWatch.emilyUITests */,
				A113A2D723460DC700D70B39 /* Products */,
			);
			sourceTree = "<group>";
		};
		A113A2D723460DC700D70B39 /* Products */ = {
			isa = PBXGroup;
			children = (
				A113A2D623460DC700D70B39 /* stopWatch.emily.app */,
				A113A2EC23460DC800D70B39 /* stopWatch.emilyTests.xctest */,
				A113A2F723460DC800D70B39 /* stopWatch.emilyUITests.xctest */,
			);
			name = Products;
			sourceTree = "<group>";
		};
		A113A2D823460DC700D70B39 /* stopWatch.emily */ = {
			isa = PBXGroup;
			children = (
				A113A2D923460DC700D70B39 /* AppDelegate.swift */,
				A113A2DB23460DC700D70B39 /* SceneDelegate.swift */,
				A113A2DD23460DC700D70B39 /* ViewController.swift */,
				A113A2DF23460DC700D70B39 /* Main.storyboard */,
				A113A2E223460DC800D70B39 /* Assets.xcassets */,
				A113A2E423460DC800D70B39 /* LaunchScreen.storyboard */,
				A113A2E723460DC800D70B39 /* Info.plist */,
			);
			path = stopWatch.emily;
			sourceTree = "<group>";
		};
		A113A2EF23460DC800D70B39 /* stopWatch.emilyTests */ = {
			isa = PBXGroup;
			children = (
				A113A2F023460DC800D70B39 /* stopWatch_emilyTests.swift */,
				A113A2F223460DC800D70B39 /* Info.plist */,
			);
			path = stopWatch.emilyTests;
			sourceTree = "<group>";
		};
		A113A2FA23460DC800D70B39 /* stopWatch.emilyUITests */ = {
			isa = PBXGroup;
			children = (
				A113A2FB23460DC800D70B39 /* stopWatch_emilyUITests.swift */,
				A113A2FD23460DC800D70B39 /* Info.plist */,
			);
			path = stopWatch.emilyUITests;
			sourceTree = "<group>";
		};
/* End PBXGroup section */

/* Begin PBXNativeTarget section */
		A113A2D523460DC700D70B39 /* stopWatch.emily */ = {
			isa = PBXNativeTarget;
			buildConfigurationList = A113A30023460DC800D70B39 /* Build configuration list for PBXNativeTarget "stopWatch.emily" */;
			buildPhases = (
				A113A2D223460DC700D70B39 /* Sources */,
				A113A2D323460DC700D70B39 /* Frameworks */,
				A113A2D423460DC700D70B39 /* Resources */,
			);
			buildRules = (
			);
			dependencies = (
			);
			name = stopWatch.emily;
			productName = stopWatch.emily;
			productReference = A113A2D623460DC700D70B39 /* stopWatch.emily.app */;
			productType = "com.apple.product-type.application";
		};
		A113A2EB23460DC800D70B39 /* stopWatch.emilyTests */ = {
			isa = PBXNativeTarget;
			buildConfigurationList = A113A30323460DC800D70B39 /* Build configuration list for PBXNativeTarget "stopWatch.emilyTests" */;
			buildPhases = (
				A113A2E823460DC800D70B39 /* Sources */,
				A113A2E923460DC800D70B39 /* Frameworks */,
				A113A2EA23460DC800D70B39 /* Resources */,
			);
			buildRules = (
			);
			dependencies = (
				A113A2EE23460DC800D70B39 /* PBXTargetDependency */,
			);
			name = stopWatch.emilyTests;
			productName = stopWatch.emilyTests;
			productReference = A113A2EC23460DC800D70B39 /* stopWatch.emilyTests.xctest */;
			productType = "com.apple.product-type.bundle.unit-test";
		};
		A113A2F623460DC800D70B39 /* stopWatch.emilyUITests */ = {
			isa = PBXNativeTarget;
			buildConfigurationList = A113A30623460DC800D70B39 /* Build configuration list for PBXNativeTarget "stopWatch.emilyUITests" */;
			buildPhases = (
				A113A2F323460DC800D70B39 /* Sources */,
				A113A2F423460DC800D70B39 /* Frameworks */,
				A113A2F523460DC800D70B39 /* Resources */,
			);
			buildRules = (
			);
			dependencies = (
				A113A2F923460DC800D70B39 /* PBXTargetDependency */,
			);
			name = stopWatch.emilyUITests;
			productName = stopWatch.emilyUITests;
			productReference = A113A2F723460DC800D70B39 /* stopWatch.emilyUITests.xctest */;
			productType = "com.apple.product-type.bundle.ui-testing";
		};
/* End PBXNativeTarget section */

/* Begin PBXProject section */
		A113A2CE23460DC700D70B39 /* Project object */ = {
			isa = PBXProject;
			attributes = {
				LastSwiftUpdateCheck = 1100;
				LastUpgradeCheck = 1100;
				ORGANIZATIONNAME = emily.com;
				TargetAttributes = {
					A113A2D523460DC700D70B39 = {
						CreatedOnToolsVersion = 11.0;
					};
					A113A2EB23460DC800D70B39 = {
						CreatedOnToolsVersion = 11.0;
						TestTargetID = A113A2D523460DC700D70B39;
					};
					A113A2F623460DC800D70B39 = {
						CreatedOnToolsVersion = 11.0;
						TestTargetID = A113A2D523460DC700D70B39;
					};
				};
			};
			buildConfigurationList = A113A2D123460DC700D70B39 /* Build configuration list for PBXProject "stopWatch.emily" */;
			compatibilityVersion = "Xcode 9.3";
			developmentRegion = en;
			hasScannedForEncodings = 0;
			knownRegions = (
				en,
				Base,
			);
			mainGroup = A113A2CD23460DC700D70B39;
			productRefGroup = A113A2D723460DC700D70B39 /* Products */;
			projectDirPath = "";
			projectRoot = "";
			targets = (
				A113A2D523460DC700D70B39 /* stopWatch.emily */,
				A113A2EB23460DC800D70B39 /* stopWatch.emilyTests */,
				A113A2F623460DC800D70B39 /* stopWatch.emilyUITests */,
			);
		};
/* End PBXProject section */

/* Begin PBXResourcesBuildPhase section */
		A113A2D423460DC700D70B39 /* Resources */ = {
			isa = PBXResourcesBuildPhase;
			buildActionMask = 2147483647;
			files = (
				A113A2E623460DC800D70B39 /* LaunchScreen.storyboard in Resources */,
				A113A2E323460DC800D70B39 /* Assets.xcassets in Resources */,
				A113A2E123460DC700D70B39 /* Main.storyboard in Resources */,
			);
			runOnlyForDeploymentPostprocessing = 0;
		};
		A113A2EA23460DC800D70B39 /* Resources */ = {
			isa = PBXResourcesBuildPhase;
			buildActionMask = 2147483647;
			files = (
			);
			runOnlyForDeploymentPostprocessing = 0;
		};
		A113A2F523460DC800D70B39 /* Resources */ = {
			isa = PBXResourcesBuildPhase;
			buildActionMask = 2147483647;
			files = (
			);
			runOnlyForDeploymentPostprocessing = 0;
		};
/* End PBXResourcesBuildPhase section */

/* Begin PBXSourcesBuildPhase section */
		A113A2D223460DC700D70B39 /* Sources */ = {
			isa = PBXSourcesBuildPhase;
			buildActionMask = 2147483647;
			files = (
				A113A2DE23460DC700D70B39 /* ViewController.swift in Sources */,
				A113A2DA23460DC700D70B39 /* AppDelegate.swift in Sources */,
				A113A2DC23460DC700D70B39 /* SceneDelegate.swift in Sources */,
			);
			runOnlyForDeploymentPostprocessing = 0;
		};
		A113A2E823460DC800D70B39 /* Sources */ = {
			isa = PBXSourcesBuildPhase;
			buildActionMask = 2147483647;
			files = (
				A113A2F123460DC800D70B39 /* stopWatch_emilyTests.swift in Sources */,
			);
			runOnlyForDeploymentPostprocessing = 0;
		};
		A113A2F323460DC800D70B39 /* Sources */ = {
			isa = PBXSourcesBuildPhase;
			buildActionMask = 2147483647;
			files = (
				A113A2FC23460DC800D70B39 /* stopWatch_emilyUITests.swift in Sources */,
			);
			runOnlyForDeploymentPostprocessing = 0;
		};
/* End PBXSourcesBuildPhase section */

/* Begin PBXTargetDependency section */
		A113A2EE23460DC800D70B39 /* PBXTargetDependency */ = {
			isa = PBXTargetDependency;
			target = A113A2D523460DC700D70B39 /* stopWatch.emily */;
			targetProxy = A113A2ED23460DC800D70B39 /* PBXContainerItemProxy */;
		};
		A113A2F923460DC800D70B39 /* PBXTargetDependency */ = {
			isa = PBXTargetDependency;
			target = A113A2D523460DC700D70B39 /* stopWatch.emily */;
			targetProxy = A113A2F823460DC800D70B39 /* PBXContainerItemProxy */;
		};
/* End PBXTargetDependency section */

/* Begin PBXVariantGroup section */
		A113A2DF23460DC700D70B39 /* Main.storyboard */ = {
			isa = PBXVariantGroup;
			children = (
				A113A2E023460DC700D70B39 /* Base */,
			);
			name = Main.storyboard;
			sourceTree = "<group>";
		};
		A113A2E423460DC800D70B39 /* LaunchScreen.storyboard */ = {
			isa = PBXVariantGroup;
			children = (
				A113A2E523460DC800D70B39 /* Base */,
			);
			name = LaunchScreen.storyboard;
			sourceTree = "<group>";
		};
/* End PBXVariantGroup section */

/* Begin XCBuildConfiguration section */
		A113A2FE23460DC800D70B39 /* Debug */ = {
			isa = XCBuildConfiguration;
			buildSettings = {
				ALWAYS_SEARCH_USER_PATHS = NO;
				CLANG_ANALYZER_NONNULL = YES;
				CLANG_ANALYZER_NUMBER_OBJECT_CONVERSION = YES_AGGRESSIVE;
				CLANG_CXX_LANGUAGE_STANDARD = "gnu++14";
				CLANG_CXX_LIBRARY = "libc++";
				CLANG_ENABLE_MODULES = YES;
				CLANG_ENABLE_OBJC_ARC = YES;
				CLANG_ENABLE_OBJC_WEAK = YES;
				CLANG_WARN_BLOCK_CAPTURE_AUTORELEASING = YES;
				CLANG_WARN_BOOL_CONVERSION = YES;
				CLANG_WARN_COMMA = YES;
				CLANG_WARN_CONSTANT_CONVERSION = YES;
				CLANG_WARN_DEPRECATED_OBJC_IMPLEMENTATIONS = YES;
				CLANG_WARN_DIRECT_OBJC_ISA_USAGE = YES_ERROR;
				CLANG_WARN_DOCUMENTATION_COMMENTS = YES;
				CLANG_WARN_EMPTY_BODY = YES;
				CLANG_WARN_ENUM_CONVERSION = YES;
				CLANG_WARN_INFINITE_RECURSION = YES;
				CLANG_WARN_INT_CONVERSION = YES;
				CLANG_WARN_NON_LITERAL_NULL_CONVERSION = YES;
				CLANG_WARN_OBJC_IMPLICIT_RETAIN_SELF = YES;
				CLANG_WARN_OBJC_LITERAL_CONVERSION = YES;
				CLANG_WARN_OBJC_ROOT_CLASS = YES_ERROR;
				CLANG_WARN_RANGE_LOOP_ANALYSIS = YES;
				CLANG_WARN_STRICT_PROTOTYPES = YES;
				CLANG_WARN_SUSPICIOUS_MOVE = YES;
				CLANG_WARN_UNGUARDED_AVAILABILITY = YES_AGGRESSIVE;
				CLANG_WARN_UNREACHABLE_CODE = YES;
				CLANG_WARN__DUPLICATE_METHOD_MATCH = YES;
				COPY_PHASE_STRIP = NO;
				DEBUG_INFORMATION_FORMAT = dwarf;
				ENABLE_STRICT_OBJC_MSGSEND = YES;
				ENABLE_TESTABILITY = YES;
				GCC_C_LANGUAGE_STANDARD = gnu11;
				GCC_DYNAMIC_NO_PIC = NO;
				GCC_NO_COMMON_BLOCKS = YES;
				GCC_OPTIMIZATION_LEVEL = 0;
				GCC_PREPROCESSOR_DEFINITIONS = (
					"DEBUG=1",
					"$(inherited)",
				);
				GCC_WARN_64_TO_32_BIT_CONVERSION = YES;
				GCC_WARN_ABOUT_RETURN_TYPE = YES_ERROR;
				GCC_WARN_UNDECLARED_SELECTOR = YES;
				GCC_WARN_UNINITIALIZED_AUTOS = YES_AGGRESSIVE;
				GCC_WARN_UNUSED_FUNCTION = YES;
				GCC_WARN_UNUSED_VARIABLE = YES;
				IPHONEOS_DEPLOYMENT_TARGET = 13.0;
				MTL_ENABLE_DEBUG_INFO = INCLUDE_SOURCE;
				MTL_FAST_MATH = YES;
				ONLY_ACTIVE_ARCH = YES;
				SDKROOT = iphoneos;
				SWIFT_ACTIVE_COMPILATION_CONDITIONS = DEBUG;
				SWIFT_OPTIMIZATION_LEVEL = "-Onone";
			};
			name = Debug;
		};
		A113A2FF23460DC800D70B39 /* Release */ = {
			isa = XCBuildConfiguration;
			buildSettings = {
				ALWAYS_SEARCH_USER_PATHS = NO;
				CLANG_ANALYZER_NONNULL = YES;
				CLANG_ANALYZER_NUMBER_OBJECT_CONVERSION = YES_AGGRESSIVE;
				CLANG_CXX_LANGUAGE_STANDARD = "gnu++14";
				CLANG_CXX_LIBRARY = "libc++";
				CLANG_ENABLE_MODULES = YES;
				CLANG_ENABLE_OBJC_ARC = YES;
				CLANG_ENABLE_OBJC_WEAK = YES;
				CLANG_WARN_BLOCK_CAPTURE_AUTORELEASING = YES;
				CLANG_WARN_BOOL_CONVERSION = YES;
				CLANG_WARN_COMMA = YES;
				CLANG_WARN_CONSTANT_CONVERSION = YES;
				CLANG_WARN_DEPRECATED_OBJC_IMPLEMENTATIONS = YES;
				CLANG_WARN_DIRECT_OBJC_ISA_USAGE = YES_ERROR;
				CLANG_WARN_DOCUMENTATION_COMMENTS = YES;
				CLANG_WARN_EMPTY_BODY = YES;
				CLANG_WARN_ENUM_CONVERSION = YES;
				CLANG_WARN_INFINITE_RECURSION = YES;
				CLANG_WARN_INT_CONVERSION = YES;
				CLANG_WARN_NON_LITERAL_NULL_CONVERSION = YES;
				CLANG_WARN_OBJC_IMPLICIT_RETAIN_SELF = YES;
				CLANG_WARN_OBJC_LITERAL_CONVERSION = YES;
				CLANG_WARN_OBJC_ROOT_CLASS = YES_ERROR;
				CLANG_WARN_RANGE_LOOP_ANALYSIS = YES;
				CLANG_WARN_STRICT_PROTOTYPES = YES;
				CLANG_WARN_SUSPICIOUS_MOVE = YES;
				CLANG_WARN_UNGUARDED_AVAILABILITY = YES_AGGRESSIVE;
				CLANG_WARN_UNREACHABLE_CODE = YES;
				CLANG_WARN__DUPLICATE_METHOD_MATCH = YES;
				COPY_PHASE_STRIP = NO;
				DEBUG_INFORMATION_FORMAT = "dwarf-with-dsym";
				ENABLE_NS_ASSERTIONS = NO;
				ENABLE_STRICT_OBJC_MSGSEND = YES;
				GCC_C_LANGUAGE_STANDARD = gnu11;
				GCC_NO_COMMON_BLOCKS = YES;
				GCC_WARN_64_TO_32_BIT_CONVERSION = YES;
				GCC_WARN_ABOUT_RETURN_TYPE = YES_ERROR;
				GCC_WARN_UNDECLARED_SELECTOR = YES;
				GCC_WARN_UNINITIALIZED_AUTOS = YES_AGGRESSIVE;
				GCC_WARN_UNUSED_FUNCTION = YES;
				GCC_WARN_UNUSED_VARIABLE = YES;
				IPHONEOS_DEPLOYMENT_TARGET = 13.0;
				MTL_ENABLE_DEBUG_INFO = NO;
				MTL_FAST_MATH = YES;
				SDKROOT = iphoneos;
				SWIFT_COMPILATION_MODE = wholemodule;
				SWIFT_OPTIMIZATION_LEVEL = "-O";
				VALIDATE_PRODUCT = YES;
			};
			name = Release;
		};
		A113A30123460DC800D70B39 /* Debug */ = {
			isa = XCBuildConfiguration;
			buildSettings = {
				ASSETCATALOG_COMPILER_APPICON_NAME = AppIcon;
				CODE_SIGN_STYLE = Automatic;
				DEVELOPMENT_TEAM = 743J7J89D4;
				INFOPLIST_FILE = stopWatch.emily/Info.plist;
				LD_RUNPATH_SEARCH_PATHS = (
					"$(inherited)",
					"@executable_path/Frameworks",
				);
				PRODUCT_BUNDLE_IDENTIFIER = "emily.com.stopWatch-emily";
				PRODUCT_NAME = "$(TARGET_NAME)";
				SWIFT_VERSION = 5.0;
				TARGETED_DEVICE_FAMILY = "1,2";
			};
			name = Debug;
		};
		A113A30223460DC800D70B39 /* Release */ = {
			isa = XCBuildConfiguration;
			buildSettings = {
				ASSETCATALOG_COMPILER_APPICON_NAME = AppIcon;
				CODE_SIGN_STYLE = Automatic;
				DEVELOPMENT_TEAM = 743J7J89D4;
				INFOPLIST_FILE = stopWatch.emily/Info.plist;
				LD_RUNPATH_SEARCH_PATHS = (
					"$(inherited)",
					"@executable_path/Frameworks",
				);
				PRODUCT_BUNDLE_IDENTIFIER = "emily.com.stopWatch-emily";
				PRODUCT_NAME = "$(TARGET_NAME)";
				SWIFT_VERSION = 5.0;
				TARGETED_DEVICE_FAMILY = "1,2";
			};
			name = Release;
		};
		A113A30423460DC800D70B39 /* Debug */ = {
			isa = XCBuildConfiguration;
			buildSettings = {
				ALWAYS_EMBED_SWIFT_STANDARD_LIBRARIES = YES;
				BUNDLE_LOADER = "$(TEST_HOST)";
				CODE_SIGN_STYLE = Automatic;
				DEVELOPMENT_TEAM = 743J7J89D4;
				INFOPLIST_FILE = stopWatch.emilyTests/Info.plist;
				IPHONEOS_DEPLOYMENT_TARGET = 13.0;
				LD_RUNPATH_SEARCH_PATHS = (
					"$(inherited)",
					"@executable_path/Frameworks",
					"@loader_path/Frameworks",
				);
				PRODUCT_BUNDLE_IDENTIFIER = "emily.com.stopWatch-emilyTests";
				PRODUCT_NAME = "$(TARGET_NAME)";
				SWIFT_VERSION = 5.0;
				TARGETED_DEVICE_FAMILY = "1,2";
				TEST_HOST = "$(BUILT_PRODUCTS_DIR)/stopWatch.emily.app/stopWatch.emily";
			};
			name = Debug;
		};
		A113A30523460DC800D70B39 /* Release */ = {
			isa = XCBuildConfiguration;
			buildSettings = {
				ALWAYS_EMBED_SWIFT_STANDARD_LIBRARIES = YES;
				BUNDLE_LOADER = "$(TEST_HOST)";
				CODE_SIGN_STYLE = Automatic;
				DEVELOPMENT_TEAM = 743J7J89D4;
				INFOPLIST_FILE = stopWatch.emilyTests/Info.plist;
				IPHONEOS_DEPLOYMENT_TARGET = 13.0;
				LD_RUNPATH_SEARCH_PATHS = (
					"$(inherited)",
					"@executable_path/Frameworks",
					"@loader_path/Frameworks",
				);
				PRODUCT_BUNDLE_IDENTIFIER = "emily.com.stopWatch-emilyTests";
				PRODUCT_NAME = "$(TARGET_NAME)";
				SWIFT_VERSION = 5.0;
				TARGETED_DEVICE_FAMILY = "1,2";
				TEST_HOST = "$(BUILT_PRODUCTS_DIR)/stopWatch.emily.app/stopWatch.emily";
			};
			name = Release;
		};
		A113A30723460DC800D70B39 /* Debug */ = {
			isa = XCBuildConfiguration;
			buildSettings = {
				ALWAYS_EMBED_SWIFT_STANDARD_LIBRARIES = YES;
				CODE_SIGN_STYLE = Automatic;
				DEVELOPMENT_TEAM = 743J7J89D4;
				INFOPLIST_FILE = stopWatch.emilyUITests/Info.plist;
				LD_RUNPATH_SEARCH_PATHS = (
					"$(inherited)",
					"@executable_path/Frameworks",
					"@loader_path/Frameworks",
				);
				PRODUCT_BUNDLE_IDENTIFIER = "emily.com.stopWatch-emilyUITests";
				PRODUCT_NAME = "$(TARGET_NAME)";
				SWIFT_VERSION = 5.0;
				TARGETED_DEVICE_FAMILY = "1,2";
				TEST_TARGET_NAME = stopWatch.emily;
			};
			name = Debug;
		};
		A113A30823460DC800D70B39 /* Release */ = {
			isa = XCBuildConfiguration;
			buildSettings = {
				ALWAYS_EMBED_SWIFT_STANDARD_LIBRARIES = YES;
				CODE_SIGN_STYLE = Automatic;
				DEVELOPMENT_TEAM = 743J7J89D4;
				INFOPLIST_FILE = stopWatch.emilyUITests/Info.plist;
				LD_RUNPATH_SEARCH_PATHS = (
					"$(inherited)",
					"@executable_path/Frameworks",
					"@loader_path/Frameworks",
				);
				PRODUCT_BUNDLE_IDENTIFIER = "emily.com.stopWatch-emilyUITests";
				PRODUCT_NAME = "$(TARGET_NAME)";
				SWIFT_VERSION = 5.0;
				TARGETED_DEVICE_FAMILY = "1,2";
				TEST_TARGET_NAME = stopWatch.emily;
			};
			name = Release;
		};
/* End XCBuildConfiguration section */

/* Begin XCConfigurationList section */
		A113A2D123460DC700D70B39 /* Build configuration list for PBXProject "stopWatch.emily" */ = {
			isa = XCConfigurationList;
			buildConfigurations = (
				A113A2FE23460DC800D70B39 /* Debug */,
				A113A2FF23460DC800D70B39 /* Release */,
			);
			defaultConfigurationIsVisible = 0;
			defaultConfigurationName = Release;
		};
		A113A30023460DC800D70B39 /* Build configuration list for PBXNativeTarget "stopWatch.emily" */ = {
			isa = XCConfigurationList;
			buildConfigurations = (
				A113A30123460DC800D70B39 /* Debug */,
				A113A30223460DC800D70B39 /* Release */,
			);
			defaultConfigurationIsVisible = 0;
			defaultConfigurationName = Release;
		};
		A113A30323460DC800D70B39 /* Build configuration list for PBXNativeTarget "stopWatch.emilyTests" */ = {
			isa = XCConfigurationList;
			buildConfigurations = (
				A113A30423460DC800D70B39 /* Debug */,
				A113A30523460DC800D70B39 /* Release */,
			);
			defaultConfigurationIsVisible = 0;
			defaultConfigurationName = Release;
		};
		A113A30623460DC800D70B39 /* Build configuration list for PBXNativeTarget "stopWatch.emilyUITests" */ = {
			isa = XCConfigurationList;
			buildConfigurations = (
				A113A30723460DC800D70B39 /* Debug */,
				A113A30823460DC800D70B39 /* Release */,
			);
			defaultConfigurationIsVisible = 0;
			defaultConfigurationName = Release;
		};
/* End XCConfigurationList section */
	};
	rootObject = A113A2CE23460DC700D70B39 /* Project object */;
}
